{
  "name": "webhookvault",
  "version": "1.0.0",
  "lockfileVersion": 3,
  "requires": true,
  "packages": {
    "": {
      "name": "webhookvault",
      "version": "1.0.0",
      "license": "MIT",
      "bin": {
        "webhookvault": "bin/webhookvault.js"
      },
      "engines": {
        "node": ">=22.0.0"
      }
    }
  }
}
